
Microsoft Visual Studio Solution File, Format Version 12.00
# Visual Studio Express 2012 for Windows Phone
Project("{FAE04EC0-301F-11D3-BF4B-00C04F79EFBC}") = "Nervioso", "Nervioso\Nervioso.csproj", "{8BBBACE3-3F85-436F-90C6-203DF92017F8}"
EndProject
Global
	GlobalSection(SolutionConfigurationPlatforms) = preSolution
		Debug|Any CPU = Debug|Any CPU
		Release|Any CPU = Release|Any CPU
	EndGlobalSection
	GlobalSection(ProjectConfigurationPlatforms) = postSolution
		{8BBBACE3-3F85-436F-90C6-203DF92017F8}.Debug|Any CPU.ActiveCfg = Debug|Any CPU
		{8BBBACE3-3F85-436F-90C6-203DF92017F8}.Debug|Any CPU.Build.0 = Debug|Any CPU
		{8BBBACE3-3F85-436F-90C6-203DF92017F8}.Debug|Any CPU.Deploy.0 = Debug|Any CPU
		{8BBBACE3-3F85-436F-90C6-203DF92017F8}.Release|Any CPU.ActiveCfg = Release|Any CPU
		{8BBBACE3-3F85-436F-90C6-203DF92017F8}.Release|Any CPU.Build.0 = Release|Any CPU
		{8BBBACE3-3F85-436F-90C6-203DF92017F8}.Release|Any CPU.Deploy.0 = Release|Any CPU
	EndGlobalSection
	GlobalSection(SolutionProperties) = preSolution
		HideSolutionNode = FALSE
	EndGlobalSection
EndGlobal
